
Microsoft Visual Studio Solution File, Format Version 12.00
# Visual Studio Version 17
VisualStudioVersion = 17.10.34916.146
MinimumVisualStudioVersion = 10.0.40219.1
Project("{9A19103F-16F7-4668-BE54-9A1E7A4F7556}") = "Flow.Launcher.Plugin.ByteUnitConverter", "Flow.Launcher.Plugin.ByteUnitConverter.csproj", "{57FE6CFB-D219-4CA4-BF61-5B9BE8D02387}"
EndProject
Global
	GlobalSection(SolutionConfigurationPlatforms) = preSolution
		Debug|Any CPU = Debug|Any CPU
		Release|Any CPU = Release|Any CPU
	EndGlobalSection
	GlobalSection(ProjectConfigurationPlatforms) = postSolution
		{57FE6CFB-D219-4CA4-BF61-5B9BE8D02387}.Debug|Any CPU.ActiveCfg = Debug|Any CPU
		{57FE6CFB-D219-4CA4-BF61-5B9BE8D02387}.Debug|Any CPU.Build.0 = Debug|Any CPU
		{57FE6CFB-D219-4CA4-BF61-5B9BE8D02387}.Release|Any CPU.ActiveCfg = Release|Any CPU
		{57FE6CFB-D219-4CA4-BF61-5B9BE8D02387}.Release|Any CPU.Build.0 = Release|Any CPU
	EndGlobalSection
	GlobalSection(SolutionProperties) = preSolution
		HideSolutionNode = FALSE
	EndGlobalSection
	GlobalSection(ExtensibilityGlobals) = postSolution
		SolutionGuid = {E9DC53E5-0463-428A-B428-43F11CB2662A}
	EndGlobalSection
EndGlobal
